// !$*UTF8*$!
{
	archiveVersion = 1;
	classes = {
	};
	objectVersion = 46;
	objects = {

/* Begin PBXBuildFile section */
		5B85A9B31C11B6AE000EC95B /* nl.txt in Resources */ = {isa = PBXBuildFile; fileRef = 5B85A9B21C11B6AE000EC95B /* nl.txt */; };
		65C5495D1CB14AD000B30C56 /* it.txt in Resources */ = {isa = PBXBuildFile; fileRef = 65C5495C1CB14AD000B30C56 /* it.txt */; };
		C82978611CAA337E00839628 /* Trump.txt in Resources */ = {isa = PBXBuildFile; fileRef = C82978601CAA337E00839628 /* Trump.txt */; };
		C84079D71C06F153002EC6D4 /* da.txt in Resources */ = {isa = PBXBuildFile; fileRef = C84079D61C06F153002EC6D4 /* da.txt */; };
		C84079DA1C07E422002EC6D4 /* LanguagePopupButton.swift in Sources */ = {isa = PBXBuildFile; fileRef = C84079D91C07E422002EC6D4 /* LanguagePopupButton.swift */; };
		C84079DC1C07FABE002EC6D4 /* xkcd.txt in Resources */ = {isa = PBXBuildFile; fileRef = C84079DB1C07FABE002EC6D4 /* xkcd.txt */; };
		C84079DF1C083EC6002EC6D4 /* jobs.txt in Resources */ = {isa = PBXBuildFile; fileRef = C84079DE1C083EC6002EC6D4 /* jobs.txt */; };
		C84079E11C0BBE5B002EC6D4 /* SimplerTextStorage.swift in Sources */ = {isa = PBXBuildFile; fileRef = C84079E01C0BBE5B002EC6D4 /* SimplerTextStorage.swift */; };
		C86C15F51C13656F00E22CEC /* ParkBenchTimer.swift in Sources */ = {isa = PBXBuildFile; fileRef = C86C15F41C13656F00E22CEC /* ParkBenchTimer.swift */; };
		C86C6F3F1C01A5EF00A21B0A /* AppDelegate.swift in Sources */ = {isa = PBXBuildFile; fileRef = C86C6F3E1C01A5EF00A21B0A /* AppDelegate.swift */; };
		C86C6F411C01A5EF00A21B0A /* ViewController.swift in Sources */ = {isa = PBXBuildFile; fileRef = C86C6F401C01A5EF00A21B0A /* ViewController.swift */; };
		C86C6F431C01A5EF00A21B0A /* Document.swift in Sources */ = {isa = PBXBuildFile; fileRef = C86C6F421C01A5EF00A21B0A /* Document.swift */; };
		C86C6F451C01A5EF00A21B0A /* Assets.xcassets in Resources */ = {isa = PBXBuildFile; fileRef = C86C6F441C01A5EF00A21B0A /* Assets.xcassets */; };
		C86C6F481C01A5EF00A21B0A /* Main.storyboard in Resources */ = {isa = PBXBuildFile; fileRef = C86C6F461C01A5EF00A21B0A /* Main.storyboard */; };
		C86C6F501C01AAE600A21B0A /* SimplerTextView.swift in Sources */ = {isa = PBXBuildFile; fileRef = C86C6F4F1C01AAE600A21B0A /* SimplerTextView.swift */; };
		C86C6F521C01AF7E00A21B0A /* SimpleWords.swift in Sources */ = {isa = PBXBuildFile; fileRef = C86C6F511C01AF7E00A21B0A /* SimpleWords.swift */; };
		C86C6F541C01AFA700A21B0A /* en.txt in Resources */ = {isa = PBXBuildFile; fileRef = C86C6F531C01AFA700A21B0A /* en.txt */; };
		C8A42AC01C0C306B00ECED04 /* hemingway.txt in Resources */ = {isa = PBXBuildFile; fileRef = C8A42ABF1C0C306B00ECED04 /* hemingway.txt */; };
		C8B24E371C030F4200FF0FDA /* C.swift in Sources */ = {isa = PBXBuildFile; fileRef = C8B24E361C030F4200FF0FDA /* C.swift */; };
/* End PBXBuildFile section */

/* Begin PBXFileReference section */
		5B85A9B21C11B6AE000EC95B /* nl.txt */ = {isa = PBXFileReference; fileEncoding = 4; lastKnownFileType = text; path = nl.txt; sourceTree = "<group>"; };
		65C5495C1CB14AD000B30C56 /* it.txt */ = {isa = PBXFileReference; fileEncoding = 4; lastKnownFileType = text; path = it.txt; sourceTree = "<group>"; };
		C82978601CAA337E00839628 /* Trump.txt */ = {isa = PBXFileReference; fileEncoding = 4; lastKnownFileType = text; path = Trump.txt; sourceTree = "<group>"; };
		C84079D61C06F153002EC6D4 /* da.txt */ = {isa = PBXFileReference; fileEncoding = 4; lastKnownFileType = text; path = da.txt; sourceTree = "<group>"; };
		C84079D91C07E422002EC6D4 /* LanguagePopupButton.swift */ = {isa = PBXFileReference; fileEncoding = 4; lastKnownFileType = sourcecode.swift; path = LanguagePopupButton.swift; sourceTree = "<group>"; };
		C84079DB1C07FABE002EC6D4 /* xkcd.txt */ = {isa = PBXFileReference; fileEncoding = 4; lastKnownFileType = text; path = xkcd.txt; sourceTree = "<group>"; };
		C84079DE1C083EC6002EC6D4 /* jobs.txt */ = {isa = PBXFileReference; fileEncoding = 4; lastKnownFileType = text; path = jobs.txt; sourceTree = "<group>"; };
		C84079E01C0BBE5B002EC6D4 /* SimplerTextStorage.swift */ = {isa = PBXFileReference; fileEncoding = 4; lastKnownFileType = sourcecode.swift; path = SimplerTextStorage.swift; sourceTree = "<group>"; };
		C86C15F41C13656F00E22CEC /* ParkBenchTimer.swift */ = {isa = PBXFileReference; fileEncoding = 4; lastKnownFileType = sourcecode.swift; path = ParkBenchTimer.swift; sourceTree = "<group>"; };
		C86C6F3B1C01A5EF00A21B0A /* Cleartext.app */ = {isa = PBXFileReference; explicitFileType = wrapper.application; includeInIndex = 0; path = Cleartext.app; sourceTree = BUILT_PRODUCTS_DIR; };
		C86C6F3E1C01A5EF00A21B0A /* AppDelegate.swift */ = {isa = PBXFileReference; lastKnownFileType = sourcecode.swift; path = AppDelegate.swift; sourceTree = "<group>"; };
		C86C6F401C01A5EF00A21B0A /* ViewController.swift */ = {isa = PBXFileReference; lastKnownFileType = sourcecode.swift; path = ViewController.swift; sourceTree = "<group>"; };
		C86C6F421C01A5EF00A21B0A /* Document.swift */ = {isa = PBXFileReference; lastKnownFileType = sourcecode.swift; path = Document.swift; sourceTree = "<group>"; };
		C86C6F441C01A5EF00A21B0A /* Assets.xcassets */ = {isa = PBXFileReference; lastKnownFileType = folder.assetcatalog; path = Assets.xcassets; sourceTree = "<group>"; };
		C86C6F471C01A5EF00A21B0A /* Base */ = {isa = PBXFileReference; lastKnownFileType = file.storyboard; name = Base; path = Base.lproj/Main.storyboard; sourceTree = "<group>"; };
		C86C6F491C01A5EF00A21B0A /* Info.plist */ = {isa = PBXFileReference; lastKnownFileType = text.plist.xml; path = Info.plist; sourceTree = "<group>"; };
		C86C6F4F1C01AAE600A21B0A /* SimplerTextView.swift */ = {isa = PBXFileReference; fileEncoding = 4; lastKnownFileType = sourcecode.swift; path = SimplerTextView.swift; sourceTree = "<group>"; };
		C86C6F511C01AF7E00A21B0A /* SimpleWords.swift */ = {isa = PBXFileReference; fileEncoding = 4; lastKnownFileType = sourcecode.swift; path = SimpleWords.swift; sourceTree = "<group>"; };
		C86C6F531C01AFA700A21B0A /* en.txt */ = {isa = PBXFileReference; fileEncoding = 4; lastKnownFileType = text; path = en.txt; sourceTree = "<group>"; };
		C8A42ABF1C0C306B00ECED04 /* hemingway.txt */ = {isa = PBXFileReference; fileEncoding = 4; lastKnownFileType = text; path = hemingway.txt; sourceTree = "<group>"; };
		C8B24E361C030F4200FF0FDA /* C.swift */ = {isa = PBXFileReference; fileEncoding = 4; lastKnownFileType = sourcecode.swift; path = C.swift; sourceTree = "<group>"; };
/* End PBXFileReference section */

/* Begin PBXFrameworksBuildPhase section */
		C86C6F381C01A5EF00A21B0A /* Frameworks */ = {
			isa = PBXFrameworksBuildPhase;
			buildActionMask = 2147483647;
			files = (
			);
			runOnlyForDeploymentPostprocessing = 0;
		};
/* End PBXFrameworksBuildPhase section */

/* Begin PBXGroup section */
		C84079D81C0786FA002EC6D4 /* dictionaries */ = {
			isa = PBXGroup;
			children = (
				65C5495C1CB14AD000B30C56 /* it.txt */,
				C82978601CAA337E00839628 /* Trump.txt */,
				C8A42ABF1C0C306B00ECED04 /* hemingway.txt */,
				C84079DE1C083EC6002EC6D4 /* jobs.txt */,
				5B85A9B21C11B6AE000EC95B /* nl.txt */,
				C84079DB1C07FABE002EC6D4 /* xkcd.txt */,
				C86C6F531C01AFA700A21B0A /* en.txt */,
				C84079D61C06F153002EC6D4 /* da.txt */,
			);
			name = dictionaries;
			sourceTree = "<group>";
		};
		C86C6F321C01A5EF00A21B0A = {
			isa = PBXGroup;
			children = (
				C86C6F3D1C01A5EF00A21B0A /* Simpler */,
				C86C6F3C1C01A5EF00A21B0A /* Products */,
			);
			sourceTree = "<group>";
		};
		C86C6F3C1C01A5EF00A21B0A /* Products */ = {
			isa = PBXGroup;
			children = (
				C86C6F3B1C01A5EF00A21B0A /* Cleartext.app */,
			);
			name = Products;
			sourceTree = "<group>";
		};
		C86C6F3D1C01A5EF00A21B0A /* Simpler */ = {
			isa = PBXGroup;
			children = (
				C84079D91C07E422002EC6D4 /* LanguagePopupButton.swift */,
				C86C15F41C13656F00E22CEC /* ParkBenchTimer.swift */,
				C86C6F3E1C01A5EF00A21B0A /* AppDelegate.swift */,
				C86C6F401C01A5EF00A21B0A /* ViewController.swift */,
				C84079E01C0BBE5B002EC6D4 /* SimplerTextStorage.swift */,
				C86C6F4F1C01AAE600A21B0A /* SimplerTextView.swift */,
				C8B24E361C030F4200FF0FDA /* C.swift */,
				C86C6F421C01A5EF00A21B0A /* Document.swift */,
				C86C6F441C01A5EF00A21B0A /* Assets.xcassets */,
				C86C6F461C01A5EF00A21B0A /* Main.storyboard */,
				C86C6F511C01AF7E00A21B0A /* SimpleWords.swift */,
				C84079D81C0786FA002EC6D4 /* dictionaries */,
				C86C6F491C01A5EF00A21B0A /* Info.plist */,
			);
			path = Simpler;
			sourceTree = "<group>";
		};
/* End PBXGroup section */

/* Begin PBXNativeTarget section */
		C86C6F3A1C01A5EF00A21B0A /* Cleartext */ = {
			isa = PBXNativeTarget;
			buildConfigurationList = C86C6F4C1C01A5EF00A21B0A /* Build configuration list for PBXNativeTarget "Cleartext" */;
			buildPhases = (
				C86C6F371C01A5EF00A21B0A /* Sources */,
				C86C6F381C01A5EF00A21B0A /* Frameworks */,
				C86C6F391C01A5EF00A21B0A /* Resources */,
			);
			buildRules = (
			);
			dependencies = (
			);
			name = Cleartext;
			productName = Simpler;
			productReference = C86C6F3B1C01A5EF00A21B0A /* Cleartext.app */;
			productType = "com.apple.product-type.application";
		};
/* End PBXNativeTarget section */

/* Begin PBXProject section */
		C86C6F331C01A5EF00A21B0A /* Project object */ = {
			isa = PBXProject;
			attributes = {
				LastSwiftUpdateCheck = 0710;
				LastUpgradeCheck = 0710;
				ORGANIZATIONNAME = "Morten Just Petersen";
				TargetAttributes = {
					C86C6F3A1C01A5EF00A21B0A = {
						CreatedOnToolsVersion = 7.1.1;
					};
				};
			};
			buildConfigurationList = C86C6F361C01A5EF00A21B0A /* Build configuration list for PBXProject "Simpler" */;
			compatibilityVersion = "Xcode 3.2";
			developmentRegion = English;
			hasScannedForEncodings = 0;
			knownRegions = (
				en,
				Base,
			);
			mainGroup = C86C6F321C01A5EF00A21B0A;
			productRefGroup = C86C6F3C1C01A5EF00A21B0A /* Products */;
			projectDirPath = "";
			projectRoot = "";
			targets = (
				C86C6F3A1C01A5EF00A21B0A /* Cleartext */,
			);
		};
/* End PBXProject section */

/* Begin PBXResourcesBuildPhase section */
		C86C6F391C01A5EF00A21B0A /* Resources */ = {
			isa = PBXResourcesBuildPhase;
			buildActionMask = 2147483647;
			files = (
				C86C6F451C01A5EF00A21B0A /* Assets.xcassets in Resources */,
				C86C6F541C01AFA700A21B0A /* en.txt in Resources */,
				5B85A9B31C11B6AE000EC95B /* nl.txt in Resources */,
				C86C6F481C01A5EF00A21B0A /* Main.storyboard in Resources */,
				C84079D71C06F153002EC6D4 /* da.txt in Resources */,
				65C5495D1CB14AD000B30C56 /* it.txt in Resources */,
				C8A42AC01C0C306B00ECED04 /* hemingway.txt in Resources */,
				C84079DF1C083EC6002EC6D4 /* jobs.txt in Resources */,
				C84079DC1C07FABE002EC6D4 /* xkcd.txt in Resources */,
				C82978611CAA337E00839628 /* Trump.txt in Resources */,
			);
			runOnlyForDeploymentPostprocessing = 0;
		};
/* End PBXResourcesBuildPhase section */

/* Begin PBXSourcesBuildPhase section */
		C86C6F371C01A5EF00A21B0A /* Sources */ = {
			isa = PBXSourcesBuildPhase;
			buildActionMask = 2147483647;
			files = (
				C86C6F501C01AAE600A21B0A /* SimplerTextView.swift in Sources */,
				C84079DA1C07E422002EC6D4 /* LanguagePopupButton.swift in Sources */,
				C86C6F411C01A5EF00A21B0A /* ViewController.swift in Sources */,
				C86C6F3F1C01A5EF00A21B0A /* AppDelegate.swift in Sources */,
				C8B24E371C030F4200FF0FDA /* C.swift in Sources */,
				C86C6F521C01AF7E00A21B0A /* SimpleWords.swift in Sources */,
				C86C15F51C13656F00E22CEC /* ParkBenchTimer.swift in Sources */,
				C84079E11C0BBE5B002EC6D4 /* SimplerTextStorage.swift in Sources */,
				C86C6F431C01A5EF00A21B0A /* Document.swift in Sources */,
			);
			runOnlyForDeploymentPostprocessing = 0;
		};
/* End PBXSourcesBuildPhase section */

/* Begin PBXVariantGroup section */
		C86C6F461C01A5EF00A21B0A /* Main.storyboard */ = {
			isa = PBXVariantGroup;
			children = (
				C86C6F471C01A5EF00A21B0A /* Base */,
			);
			name = Main.storyboard;
			sourceTree = "<group>";
		};
/* End PBXVariantGroup section */

/* Begin XCBuildConfiguration section */
		C86C6F4A1C01A5EF00A21B0A /* Debug */ = {
			isa = XCBuildConfiguration;
			buildSettings = {
				ALWAYS_SEARCH_USER_PATHS = NO;
				CLANG_CXX_LANGUAGE_STANDARD = "gnu++0x";
				CLANG_CXX_LIBRARY = "libc++";
				CLANG_ENABLE_MODULES = YES;
				CLANG_ENABLE_OBJC_ARC = YES;
				CLANG_WARN_BOOL_CONVERSION = YES;
				CLANG_WARN_CONSTANT_CONVERSION = YES;
				CLANG_WARN_DIRECT_OBJC_ISA_USAGE = YES_ERROR;
				CLANG_WARN_EMPTY_BODY = YES;
				CLANG_WARN_ENUM_CONVERSION = YES;
				CLANG_WARN_INT_CONVERSION = YES;
				CLANG_WARN_OBJC_ROOT_CLASS = YES_ERROR;
				CLANG_WARN_UNREACHABLE_CODE = YES;
				CLANG_WARN__DUPLICATE_METHOD_MATCH = YES;
				CODE_SIGN_IDENTITY = "-";
				COPY_PHASE_STRIP = NO;
				DEBUG_INFORMATION_FORMAT = dwarf;
				ENABLE_STRICT_OBJC_MSGSEND = YES;
				ENABLE_TESTABILITY = YES;
				GCC_C_LANGUAGE_STANDARD = gnu99;
				GCC_DYNAMIC_NO_PIC = NO;
				GCC_NO_COMMON_BLOCKS = YES;
				GCC_OPTIMIZATION_LEVEL = 0;
				GCC_PREPROCESSOR_DEFINITIONS = (
					"DEBUG=1",
					"$(inherited)",
				);
				GCC_WARN_64_TO_32_BIT_CONVERSION = YES;
				GCC_WARN_ABOUT_RETURN_TYPE = YES_ERROR;
				GCC_WARN_UNDECLARED_SELECTOR = YES;
				GCC_WARN_UNINITIALIZED_AUTOS = YES_AGGRESSIVE;
				GCC_WARN_UNUSED_FUNCTION = YES;
				GCC_WARN_UNUSED_VARIABLE = YES;
				MACOSX_DEPLOYMENT_TARGET = 10.11;
				MTL_ENABLE_DEBUG_INFO = YES;
				ONLY_ACTIVE_ARCH = YES;
				SDKROOT = macosx;
				SWIFT_OPTIMIZATION_LEVEL = "-Onone";
			};
			name = Debug;
		};
		C86C6F4B1C01A5EF00A21B0A /* Release */ = {
			isa = XCBuildConfiguration;
			buildSettings = {
				ALWAYS_SEARCH_USER_PATHS = NO;
				CLANG_CXX_LANGUAGE_STANDARD = "gnu++0x";
				CLANG_CXX_LIBRARY = "libc++";
				CLANG_ENABLE_MODULES = YES;
				CLANG_ENABLE_OBJC_ARC = YES;
				CLANG_WARN_BOOL_CONVERSION = YES;
				CLANG_WARN_CONSTANT_CONVERSION = YES;
				CLANG_WARN_DIRECT_OBJC_ISA_USAGE = YES_ERROR;
				CLANG_WARN_EMPTY_BODY = YES;
				CLANG_WARN_ENUM_CONVERSION = YES;
				CLANG_WARN_INT_CONVERSION = YES;
				CLANG_WARN_OBJC_ROOT_CLASS = YES_ERROR;
				CLANG_WARN_UNREACHABLE_CODE = YES;
				CLANG_WARN__DUPLICATE_METHOD_MATCH = YES;
				CODE_SIGN_IDENTITY = "-";
				COPY_PHASE_STRIP = NO;
				DEBUG_INFORMATION_FORMAT = "dwarf-with-dsym";
				ENABLE_NS_ASSERTIONS = NO;
				ENABLE_STRICT_OBJC_MSGSEND = YES;
				GCC_C_LANGUAGE_STANDARD = gnu99;
				GCC_NO_COMMON_BLOCKS = YES;
				GCC_WARN_64_TO_32_BIT_CONVERSION = YES;
				GCC_WARN_ABOUT_RETURN_TYPE = YES_ERROR;
				GCC_WARN_UNDECLARED_SELECTOR = YES;
				GCC_WARN_UNINITIALIZED_AUTOS = YES_AGGRESSIVE;
				GCC_WARN_UNUSED_FUNCTION = YES;
				GCC_WARN_UNUSED_VARIABLE = YES;
				MACOSX_DEPLOYMENT_TARGET = 10.11;
				MTL_ENABLE_DEBUG_INFO = NO;
				SDKROOT = macosx;
			};
			name = Release;
		};
		C86C6F4D1C01A5EF00A21B0A /* Debug */ = {
			isa = XCBuildConfiguration;
			buildSettings = {
				ASSETCATALOG_COMPILER_APPICON_NAME = AppIcon;
				COMBINE_HIDPI_IMAGES = YES;
				INFOPLIST_FILE = Simpler/Info.plist;
				LD_RUNPATH_SEARCH_PATHS = "$(inherited) @executable_path/../Frameworks";
				PRODUCT_BUNDLE_IDENTIFIER = com.mortenjust.Simpler;
				PRODUCT_NAME = "$(TARGET_NAME)";
			};
			name = Debug;
		};
		C86C6F4E1C01A5EF00A21B0A /* Release */ = {
			isa = XCBuildConfiguration;
			buildSettings = {
				ASSETCATALOG_COMPILER_APPICON_NAME = AppIcon;
				COMBINE_HIDPI_IMAGES = YES;
				INFOPLIST_FILE = Simpler/Info.plist;
				LD_RUNPATH_SEARCH_PATHS = "$(inherited) @executable_path/../Frameworks";
				PRODUCT_BUNDLE_IDENTIFIER = com.mortenjust.Simpler;
				PRODUCT_NAME = "$(TARGET_NAME)";
			};
			name = Release;
		};
/* End XCBuildConfiguration section */

/* Begin XCConfigurationList section */
		C86C6F361C01A5EF00A21B0A /* Build configuration list for PBXProject "Simpler" */ = {
			isa = XCConfigurationList;
			buildConfigurations = (
				C86C6F4A1C01A5EF00A21B0A /* Debug */,
				C86C6F4B1C01A5EF00A21B0A /* Release */,
			);
			defaultConfigurationIsVisible = 0;
			defaultConfigurationName = Release;
		};
		C86C6F4C1C01A5EF00A21B0A /* Build configuration list for PBXNativeTarget "Cleartext" */ = {
			isa = XCConfigurationList;
			buildConfigurations = (
				C86C6F4D1C01A5EF00A21B0A /* Debug */,
				C86C6F4E1C01A5EF00A21B0A /* Release */,
			);
			defaultConfigurationIsVisible = 0;
			defaultConfigurationName = Release;
		};
/* End XCConfigurationList section */
	};
	rootObject = C86C6F331C01A5EF00A21B0A /* Project object */;
}
